
Microsoft Visual Studio Solution File, Format Version 12.00
# Visual Studio 14
VisualStudioVersion = 14.0.24720.0
MinimumVisualStudioVersion = 10.0.40219.1
Project("{FAE04EC0-301F-11D3-BF4B-00C04F79EFBC}") = "SeriesOfLetters", "SeriesOfLetters\SeriesOfLetters.csproj", "{FCC4CCCB-765F-4ED3-A0EB-4AD069342E50}"
EndProject
Project("{FAE04EC0-301F-11D3-BF4B-00C04F79EFBC}") = "ReplaceTag", "ReplaceTag\ReplaceTag.csproj", "{AD71C5EB-D840-479B-85A1-18CC9E0C9C26}"
EndProject
Project("{FAE04EC0-301F-11D3-BF4B-00C04F79EFBC}") = "ExtractEmails", "ExtractEmails\ExtractEmails.csproj", "{4E4A3BFC-69F8-44C5-A2A2-2AAA616E4CCC}"
EndProject
Project("{FAE04EC0-301F-11D3-BF4B-00C04F79EFBC}") = "SentenceExtractor", "SentenceExtractor\SentenceExtractor.csproj", "{4EE9AC2C-7F39-4E01-9BEE-C8EE6FC25C56}"
EndProject
Project("{FAE04EC0-301F-11D3-BF4B-00C04F79EFBC}") = "ValidUsernames", "ValidUsernames\ValidUsernames.csproj", "{1301E656-20D4-4F60-97EF-F24BDA66EC3C}"
EndProject
Project("{FAE04EC0-301F-11D3-BF4B-00C04F79EFBC}") = "ExtractHyperlinks", "ExtractHyperlinks\ExtractHyperlinks.csproj", "{03BBBDC2-3C08-40E8-B25A-2CF038E366D2}"
EndProject
Project("{FAE04EC0-301F-11D3-BF4B-00C04F79EFBC}") = "QueryMess", "QueryMess\QueryMess.csproj", "{A80DD600-93FB-465D-AF82-4B7A955B7E55}"
EndProject
Global
	GlobalSection(SolutionConfigurationPlatforms) = preSolution
		Debug|Any CPU = Debug|Any CPU
		Release|Any CPU = Release|Any CPU
	EndGlobalSection
	GlobalSection(ProjectConfigurationPlatforms) = postSolution
		{FCC4CCCB-765F-4ED3-A0EB-4AD069342E50}.Debug|Any CPU.ActiveCfg = Debug|Any CPU
		{FCC4CCCB-765F-4ED3-A0EB-4AD069342E50}.Debug|Any CPU.Build.0 = Debug|Any CPU
		{FCC4CCCB-765F-4ED3-A0EB-4AD069342E50}.Release|Any CPU.ActiveCfg = Release|Any CPU
		{FCC4CCCB-765F-4ED3-A0EB-4AD069342E50}.Release|Any CPU.Build.0 = Release|Any CPU
		{AD71C5EB-D840-479B-85A1-18CC9E0C9C26}.Debug|Any CPU.ActiveCfg = Debug|Any CPU
		{AD71C5EB-D840-479B-85A1-18CC9E0C9C26}.Debug|Any CPU.Build.0 = Debug|Any CPU
		{AD71C5EB-D840-479B-85A1-18CC9E0C9C26}.Release|Any CPU.ActiveCfg = Release|Any CPU
		{AD71C5EB-D840-479B-85A1-18CC9E0C9C26}.Release|Any CPU.Build.0 = Release|Any CPU
		{4E4A3BFC-69F8-44C5-A2A2-2AAA616E4CCC}.Debug|Any CPU.ActiveCfg = Debug|Any CPU
		{4E4A3BFC-69F8-44C5-A2A2-2AAA616E4CCC}.Debug|Any CPU.Build.0 = Debug|Any CPU
		{4E4A3BFC-69F8-44C5-A2A2-2AAA616E4CCC}.Release|Any CPU.ActiveCfg = Release|Any CPU
		{4E4A3BFC-69F8-44C5-A2A2-2AAA616E4CCC}.Release|Any CPU.Build.0 = Release|Any CPU
		{4EE9AC2C-7F39-4E01-9BEE-C8EE6FC25C56}.Debug|Any CPU.ActiveCfg = Debug|Any CPU
		{4EE9AC2C-7F39-4E01-9BEE-C8EE6FC25C56}.Debug|Any CPU.Build.0 = Debug|Any CPU
		{4EE9AC2C-7F39-4E01-9BEE-C8EE6FC25C56}.Release|Any CPU.ActiveCfg = Release|Any CPU
		{4EE9AC2C-7F39-4E01-9BEE-C8EE6FC25C56}.Release|Any CPU.Build.0 = Release|Any CPU
		{1301E656-20D4-4F60-97EF-F24BDA66EC3C}.Debug|Any CPU.ActiveCfg = Debug|Any CPU
		{1301E656-20D4-4F60-97EF-F24BDA66EC3C}.Debug|Any CPU.Build.0 = Debug|Any CPU
		{1301E656-20D4-4F60-97EF-F24BDA66EC3C}.Release|Any CPU.ActiveCfg = Release|Any CPU
		{1301E656-20D4-4F60-97EF-F24BDA66EC3C}.Release|Any CPU.Build.0 = Release|Any CPU
		{03BBBDC2-3C08-40E8-B25A-2CF038E366D2}.Debug|Any CPU.ActiveCfg = Debug|Any CPU
		{03BBBDC2-3C08-40E8-B25A-2CF038E366D2}.Debug|Any CPU.Build.0 = Debug|Any CPU
		{03BBBDC2-3C08-40E8-B25A-2CF038E366D2}.Release|Any CPU.ActiveCfg = Release|Any CPU
		{03BBBDC2-3C08-40E8-B25A-2CF038E366D2}.Release|Any CPU.Build.0 = Release|Any CPU
		{A80DD600-93FB-465D-AF82-4B7A955B7E55}.Debug|Any CPU.ActiveCfg = Debug|Any CPU
		{A80DD600-93FB-465D-AF82-4B7A955B7E55}.Debug|Any CPU.Build.0 = Debug|Any CPU
		{A80DD600-93FB-465D-AF82-4B7A955B7E55}.Release|Any CPU.ActiveCfg = Release|Any CPU
		{A80DD600-93FB-465D-AF82-4B7A955B7E55}.Release|Any CPU.Build.0 = Release|Any CPU
	EndGlobalSection
	GlobalSection(SolutionProperties) = preSolution
		HideSolutionNode = FALSE
	EndGlobalSection
EndGlobal
